
Microsoft Visual Studio Solution File, Format Version 12.00
# Visual Studio Version 17
VisualStudioVersion = 17.11.35327.3
MinimumVisualStudioVersion = 10.0.40219.1
Project("{FAE04EC0-301F-11D3-BF4B-00C04F79EFBC}") = "02Maui", "02Maui\02Maui.csproj", "{8DF55C20-A1E4-4257-9422-548C6B9A2378}"
EndProject
Global
	GlobalSection(SolutionConfigurationPlatforms) = preSolution
		Debug|Any CPU = Debug|Any CPU
		Release|Any CPU = Release|Any CPU
	EndGlobalSection
	GlobalSection(ProjectConfigurationPlatforms) = postSolution
		{8DF55C20-A1E4-4257-9422-548C6B9A2378}.Debug|Any CPU.ActiveCfg = Debug|Any CPU
		{8DF55C20-A1E4-4257-9422-548C6B9A2378}.Debug|Any CPU.Build.0 = Debug|Any CPU
		{8DF55C20-A1E4-4257-9422-548C6B9A2378}.Debug|Any CPU.Deploy.0 = Debug|Any CPU
		{8DF55C20-A1E4-4257-9422-548C6B9A2378}.Release|Any CPU.ActiveCfg = Release|Any CPU
		{8DF55C20-A1E4-4257-9422-548C6B9A2378}.Release|Any CPU.Build.0 = Release|Any CPU
		{8DF55C20-A1E4-4257-9422-548C6B9A2378}.Release|Any CPU.Deploy.0 = Release|Any CPU
	EndGlobalSection
	GlobalSection(SolutionProperties) = preSolution
		HideSolutionNode = FALSE
	EndGlobalSection
	GlobalSection(ExtensibilityGlobals) = postSolution
		SolutionGuid = {ECE0D694-D1A3-40AC-B418-BD78E8DB663B}
	EndGlobalSection
EndGlobal
